// !$*UTF8*$!
{
	archiveVersion = 1;
	classes = {
	};
	objectVersion = 50;
	objects = {

/* Begin PBXBuildFile section */
		6A1497FB22D4DE9600C8494F /* AppDelegate.swift in Sources */ = {isa = PBXBuildFile; fileRef = 6A1497FA22D4DE9600C8494F /* AppDelegate.swift */; };
		6A1497FD22D4DE9600C8494F /* PopoverController.swift in Sources */ = {isa = PBXBuildFile; fileRef = 6A1497FC22D4DE9600C8494F /* PopoverController.swift */; };
		6A1497FF22D4DE9700C8494F /* Assets.xcassets in Resources */ = {isa = PBXBuildFile; fileRef = 6A1497FE22D4DE9700C8494F /* Assets.xcassets */; };
		6A14980222D4DE9700C8494F /* Main.storyboard in Resources */ = {isa = PBXBuildFile; fileRef = 6A14980022D4DE9700C8494F /* Main.storyboard */; };
		6A14980B22D4DF3200C8494F /* BMSTUContent.swift in Sources */ = {isa = PBXBuildFile; fileRef = 6A14980A22D4DF3100C8494F /* BMSTUContent.swift */; };
		6A14980D22D4F0DA00C8494F /* PeopleIndicator.swift in Sources */ = {isa = PBXBuildFile; fileRef = 6A14980C22D4F0DA00C8494F /* PeopleIndicator.swift */; };
		6A14980F22D5049500C8494F /* AppConfig.swift in Sources */ = {isa = PBXBuildFile; fileRef = 6A14980E22D5049500C8494F /* AppConfig.swift */; };
		6A14983122D8BEA600C8494F /* SettingsController.swift in Sources */ = {isa = PBXBuildFile; fileRef = 6A14983022D8BEA600C8494F /* SettingsController.swift */; };
/* End PBXBuildFile section */

/* Begin PBXFileReference section */
		6A1497F722D4DE9600C8494F /* MacMasterHelper.app */ = {isa = PBXFileReference; explicitFileType = wrapper.application; includeInIndex = 0; path = MacMasterHelper.app; sourceTree = BUILT_PRODUCTS_DIR; };
		6A1497FA22D4DE9600C8494F /* AppDelegate.swift */ = {isa = PBXFileReference; lastKnownFileType = sourcecode.swift; path = AppDelegate.swift; sourceTree = "<group>"; };
		6A1497FC22D4DE9600C8494F /* PopoverController.swift */ = {isa = PBXFileReference; lastKnownFileType = sourcecode.swift; path = PopoverController.swift; sourceTree = "<group>"; };
		6A1497FE22D4DE9700C8494F /* Assets.xcassets */ = {isa = PBXFileReference; lastKnownFileType = folder.assetcatalog; path = Assets.xcassets; sourceTree = "<group>"; };
		6A14980122D4DE9700C8494F /* Base */ = {isa = PBXFileReference; lastKnownFileType = file.storyboard; name = Base; path = Base.lproj/Main.storyboard; sourceTree = "<group>"; };
		6A14980322D4DE9700C8494F /* Info.plist */ = {isa = PBXFileReference; lastKnownFileType = text.plist.xml; path = Info.plist; sourceTree = "<group>"; };
		6A14980422D4DE9700C8494F /* MacMasterHelper.entitlements */ = {isa = PBXFileReference; lastKnownFileType = text.plist.entitlements; path = MacMasterHelper.entitlements; sourceTree = "<group>"; };
		6A14980A22D4DF3100C8494F /* BMSTUContent.swift */ = {isa = PBXFileReference; fileEncoding = 4; lastKnownFileType = sourcecode.swift; path = BMSTUContent.swift; sourceTree = "<group>"; };
		6A14980C22D4F0DA00C8494F /* PeopleIndicator.swift */ = {isa = PBXFileReference; fileEncoding = 4; lastKnownFileType = sourcecode.swift; path = PeopleIndicator.swift; sourceTree = "<group>"; };
		6A14980E22D5049500C8494F /* AppConfig.swift */ = {isa = PBXFileReference; lastKnownFileType = sourcecode.swift; path = AppConfig.swift; sourceTree = "<group>"; };
		6A14983022D8BEA600C8494F /* SettingsController.swift */ = {isa = PBXFileReference; lastKnownFileType = sourcecode.swift; path = SettingsController.swift; sourceTree = "<group>"; };
/* End PBXFileReference section */

/* Begin PBXFrameworksBuildPhase section */
		6A1497F422D4DE9600C8494F /* Frameworks */ = {
			isa = PBXFrameworksBuildPhase;
			buildActionMask = 2147483647;
			files = (
			);
			runOnlyForDeploymentPostprocessing = 0;
		};
/* End PBXFrameworksBuildPhase section */

/* Begin PBXGroup section */
		6A1497EE22D4DE9600C8494F = {
			isa = PBXGroup;
			children = (
				6A1497F922D4DE9600C8494F /* MacMasterHelper */,
				6A1497F822D4DE9600C8494F /* Products */,
			);
			sourceTree = "<group>";
		};
		6A1497F822D4DE9600C8494F /* Products */ = {
			isa = PBXGroup;
			children = (
				6A1497F722D4DE9600C8494F /* MacMasterHelper.app */,
			);
			name = Products;
			sourceTree = "<group>";
		};
		6A1497F922D4DE9600C8494F /* MacMasterHelper */ = {
			isa = PBXGroup;
			children = (
				6A14980E22D5049500C8494F /* AppConfig.swift */,
				6A1497FA22D4DE9600C8494F /* AppDelegate.swift */,
				6A1497FC22D4DE9600C8494F /* PopoverController.swift */,
				6A14983022D8BEA600C8494F /* SettingsController.swift */,
				6A14980A22D4DF3100C8494F /* BMSTUContent.swift */,
				6A14980C22D4F0DA00C8494F /* PeopleIndicator.swift */,
				6A1497FE22D4DE9700C8494F /* Assets.xcassets */,
				6A14980022D4DE9700C8494F /* Main.storyboard */,
				6A14980322D4DE9700C8494F /* Info.plist */,
				6A14980422D4DE9700C8494F /* MacMasterHelper.entitlements */,
			);
			path = MacMasterHelper;
			sourceTree = "<group>";
		};
/* End PBXGroup section */

/* Begin PBXNativeTarget section */
		6A1497F622D4DE9600C8494F /* MacMasterHelper */ = {
			isa = PBXNativeTarget;
			buildConfigurationList = 6A14980722D4DE9700C8494F /* Build configuration list for PBXNativeTarget "MacMasterHelper" */;
			buildPhases = (
				6A1497F322D4DE9600C8494F /* Sources */,
				6A1497F422D4DE9600C8494F /* Frameworks */,
				6A1497F522D4DE9600C8494F /* Resources */,
			);
			buildRules = (
			);
			dependencies = (
			);
			name = MacMasterHelper;
			productName = MacMasterHelper;
			productReference = 6A1497F722D4DE9600C8494F /* MacMasterHelper.app */;
			productType = "com.apple.product-type.application";
		};
/* End PBXNativeTarget section */

/* Begin PBXProject section */
		6A1497EF22D4DE9600C8494F /* Project object */ = {
			isa = PBXProject;
			attributes = {
				LastSwiftUpdateCheck = 1020;
				LastUpgradeCheck = 1020;
				ORGANIZATIONNAME = "Artem Belkov";
				TargetAttributes = {
					6A1497F622D4DE9600C8494F = {
						CreatedOnToolsVersion = 10.2.1;
						SystemCapabilities = {
							com.apple.Sandbox = {
								enabled = 1;
							};
						};
					};
				};
			};
			buildConfigurationList = 6A1497F222D4DE9600C8494F /* Build configuration list for PBXProject "MacMasterHelper" */;
			compatibilityVersion = "Xcode 9.3";
			developmentRegion = en;
			hasScannedForEncodings = 0;
			knownRegions = (
				en,
				Base,
			);
			mainGroup = 6A1497EE22D4DE9600C8494F;
			productRefGroup = 6A1497F822D4DE9600C8494F /* Products */;
			projectDirPath = "";
			projectRoot = "";
			targets = (
				6A1497F622D4DE9600C8494F /* MacMasterHelper */,
			);
		};
/* End PBXProject section */

/* Begin PBXResourcesBuildPhase section */
		6A1497F522D4DE9600C8494F /* Resources */ = {
			isa = PBXResourcesBuildPhase;
			buildActionMask = 2147483647;
			files = (
				6A1497FF22D4DE9700C8494F /* Assets.xcassets in Resources */,
				6A14980222D4DE9700C8494F /* Main.storyboard in Resources */,
			);
			runOnlyForDeploymentPostprocessing = 0;
		};
/* End PBXResourcesBuildPhase section */

/* Begin PBXSourcesBuildPhase section */
		6A1497F322D4DE9600C8494F /* Sources */ = {
			isa = PBXSourcesBuildPhase;
			buildActionMask = 2147483647;
			files = (
				6A14983122D8BEA600C8494F /* SettingsController.swift in Sources */,
				6A1497FD22D4DE9600C8494F /* PopoverController.swift in Sources */,
				6A14980F22D5049500C8494F /* AppConfig.swift in Sources */,
				6A14980B22D4DF3200C8494F /* BMSTUContent.swift in Sources */,
				6A14980D22D4F0DA00C8494F /* PeopleIndicator.swift in Sources */,
				6A1497FB22D4DE9600C8494F /* AppDelegate.swift in Sources */,
			);
			runOnlyForDeploymentPostprocessing = 0;
		};
/* End PBXSourcesBuildPhase section */

/* Begin PBXVariantGroup section */
		6A14980022D4DE9700C8494F /* Main.storyboard */ = {
			isa = PBXVariantGroup;
			children = (
				6A14980122D4DE9700C8494F /* Base */,
			);
			name = Main.storyboard;
			sourceTree = "<group>";
		};
/* End PBXVariantGroup section */

/* Begin XCBuildConfiguration section */
		6A14980522D4DE9700C8494F /* Debug */ = {
			isa = XCBuildConfiguration;
			buildSettings = {
				ALWAYS_SEARCH_USER_PATHS = NO;
				CLANG_ANALYZER_NONNULL = YES;
				CLANG_ANALYZER_NUMBER_OBJECT_CONVERSION = YES_AGGRESSIVE;
				CLANG_CXX_LANGUAGE_STANDARD = "gnu++14";
				CLANG_CXX_LIBRARY = "libc++";
				CLANG_ENABLE_MODULES = YES;
				CLANG_ENABLE_OBJC_ARC = YES;
				CLANG_ENABLE_OBJC_WEAK = YES;
				CLANG_WARN_BLOCK_CAPTURE_AUTORELEASING = YES;
				CLANG_WARN_BOOL_CONVERSION = YES;
				CLANG_WARN_COMMA = YES;
				CLANG_WARN_CONSTANT_CONVERSION = YES;
				CLANG_WARN_DEPRECATED_OBJC_IMPLEMENTATIONS = YES;
				CLANG_WARN_DIRECT_OBJC_ISA_USAGE = YES_ERROR;
				CLANG_WARN_DOCUMENTATION_COMMENTS = YES;
				CLANG_WARN_EMPTY_BODY = YES;
				CLANG_WARN_ENUM_CONVERSION = YES;
				CLANG_WARN_INFINITE_RECURSION = YES;
				CLANG_WARN_INT_CONVERSION = YES;
				CLANG_WARN_NON_LITERAL_NULL_CONVERSION = YES;
				CLANG_WARN_OBJC_IMPLICIT_RETAIN_SELF = YES;
				CLANG_WARN_OBJC_LITERAL_CONVERSION = YES;
				CLANG_WARN_OBJC_ROOT_CLASS = YES_ERROR;
				CLANG_WARN_RANGE_LOOP_ANALYSIS = YES;
				CLANG_WARN_STRICT_PROTOTYPES = YES;
				CLANG_WARN_SUSPICIOUS_MOVE = YES;
				CLANG_WARN_UNGUARDED_AVAILABILITY = YES_AGGRESSIVE;
				CLANG_WARN_UNREACHABLE_CODE = YES;
				CLANG_WARN__DUPLICATE_METHOD_MATCH = YES;
				CODE_SIGN_IDENTITY = "-";
				COPY_PHASE_STRIP = NO;
				DEBUG_INFORMATION_FORMAT = dwarf;
				ENABLE_STRICT_OBJC_MSGSEND = YES;
				ENABLE_TESTABILITY = YES;
				GCC_C_LANGUAGE_STANDARD = gnu11;
				GCC_DYNAMIC_NO_PIC = NO;
				GCC_NO_COMMON_BLOCKS = YES;
				GCC_OPTIMIZATION_LEVEL = 0;
				GCC_PREPROCESSOR_DEFINITIONS = (
					"DEBUG=1",
					"$(inherited)",
				);
				GCC_WARN_64_TO_32_BIT_CONVERSION = YES;
				GCC_WARN_ABOUT_RETURN_TYPE = YES_ERROR;
				GCC_WARN_UNDECLARED_SELECTOR = YES;
				GCC_WARN_UNINITIALIZED_AUTOS = YES_AGGRESSIVE;
				GCC_WARN_UNUSED_FUNCTION = YES;
				GCC_WARN_UNUSED_VARIABLE = YES;
				MACOSX_DEPLOYMENT_TARGET = 10.14;
				MTL_ENABLE_DEBUG_INFO = INCLUDE_SOURCE;
				MTL_FAST_MATH = YES;
				ONLY_ACTIVE_ARCH = YES;
				SDKROOT = macosx;
				SWIFT_ACTIVE_COMPILATION_CONDITIONS = DEBUG;
				SWIFT_OPTIMIZATION_LEVEL = "-Onone";
			};
			name = Debug;
		};
		6A14980622D4DE9700C8494F /* Release */ = {
			isa = XCBuildConfiguration;
			buildSettings = {
				ALWAYS_SEARCH_USER_PATHS = NO;
				CLANG_ANALYZER_NONNULL = YES;
				CLANG_ANALYZER_NUMBER_OBJECT_CONVERSION = YES_AGGRESSIVE;
				CLANG_CXX_LANGUAGE_STANDARD = "gnu++14";
				CLANG_CXX_LIBRARY = "libc++";
				CLANG_ENABLE_MODULES = YES;
				CLANG_ENABLE_OBJC_ARC = YES;
				CLANG_ENABLE_OBJC_WEAK = YES;
				CLANG_WARN_BLOCK_CAPTURE_AUTORELEASING = YES;
				CLANG_WARN_BOOL_CONVERSION = YES;
				CLANG_WARN_COMMA = YES;
				CLANG_WARN_CONSTANT_CONVERSION = YES;
				CLANG_WARN_DEPRECATED_OBJC_IMPLEMENTATIONS = YES;
				CLANG_WARN_DIRECT_OBJC_ISA_USAGE = YES_ERROR;
				CLANG_WARN_DOCUMENTATION_COMMENTS = YES;
				CLANG_WARN_EMPTY_BODY = YES;
				CLANG_WARN_ENUM_CONVERSION = YES;
				CLANG_WARN_INFINITE_RECURSION = YES;
				CLANG_WARN_INT_CONVERSION = YES;
				CLANG_WARN_NON_LITERAL_NULL_CONVERSION = YES;
				CLANG_WARN_OBJC_IMPLICIT_RETAIN_SELF = YES;
				CLANG_WARN_OBJC_LITERAL_CONVERSION = YES;
				CLANG_WARN_OBJC_ROOT_CLASS = YES_ERROR;
				CLANG_WARN_RANGE_LOOP_ANALYSIS = YES;
				CLANG_WARN_STRICT_PROTOTYPES = YES;
				CLANG_WARN_SUSPICIOUS_MOVE = YES;
				CLANG_WARN_UNGUARDED_AVAILABILITY = YES_AGGRESSIVE;
				CLANG_WARN_UNREACHABLE_CODE = YES;
				CLANG_WARN__DUPLICATE_METHOD_MATCH = YES;
				CODE_SIGN_IDENTITY = "-";
				COPY_PHASE_STRIP = NO;
				DEBUG_INFORMATION_FORMAT = "dwarf-with-dsym";
				ENABLE_NS_ASSERTIONS = NO;
				ENABLE_STRICT_OBJC_MSGSEND = YES;
				GCC_C_LANGUAGE_STANDARD = gnu11;
				GCC_NO_COMMON_BLOCKS = YES;
				GCC_WARN_64_TO_32_BIT_CONVERSION = YES;
				GCC_WARN_ABOUT_RETURN_TYPE = YES_ERROR;
				GCC_WARN_UNDECLARED_SELECTOR = YES;
				GCC_WARN_UNINITIALIZED_AUTOS = YES_AGGRESSIVE;
				GCC_WARN_UNUSED_FUNCTION = YES;
				GCC_WARN_UNUSED_VARIABLE = YES;
				MACOSX_DEPLOYMENT_TARGET = 10.14;
				MTL_ENABLE_DEBUG_INFO = NO;
				MTL_FAST_MATH = YES;
				SDKROOT = macosx;
				SWIFT_COMPILATION_MODE = wholemodule;
				SWIFT_OPTIMIZATION_LEVEL = "-O";
			};
			name = Release;
		};
		6A14980822D4DE9700C8494F /* Debug */ = {
			isa = XCBuildConfiguration;
			buildSettings = {
				ASSETCATALOG_COMPILER_APPICON_NAME = AppIcon;
				CODE_SIGN_ENTITLEMENTS = MacMasterHelper/MacMasterHelper.entitlements;
				CODE_SIGN_STYLE = Automatic;
				COMBINE_HIDPI_IMAGES = YES;
				DEVELOPMENT_TEAM = "";
				INFOPLIST_FILE = MacMasterHelper/Info.plist;
				LD_RUNPATH_SEARCH_PATHS = (
					"$(inherited)",
					"@executable_path/../Frameworks",
				);
				PRODUCT_BUNDLE_IDENTIFIER = ru.bestK1ng.MasterHelper;
				PRODUCT_NAME = "$(TARGET_NAME)";
				SWIFT_VERSION = 5.0;
			};
			name = Debug;
		};
		6A14980922D4DE9700C8494F /* Release */ = {
			isa = XCBuildConfiguration;
			buildSettings = {
				ASSETCATALOG_COMPILER_APPICON_NAME = AppIcon;
				CODE_SIGN_ENTITLEMENTS = MacMasterHelper/MacMasterHelper.entitlements;
				CODE_SIGN_STYLE = Automatic;
				COMBINE_HIDPI_IMAGES = YES;
				DEVELOPMENT_TEAM = "";
				INFOPLIST_FILE = MacMasterHelper/Info.plist;
				LD_RUNPATH_SEARCH_PATHS = (
					"$(inherited)",
					"@executable_path/../Frameworks",
				);
				PRODUCT_BUNDLE_IDENTIFIER = ru.bestK1ng.MasterHelper;
				PRODUCT_NAME = "$(TARGET_NAME)";
				SWIFT_VERSION = 5.0;
			};
			name = Release;
		};
/* End XCBuildConfiguration section */

/* Begin XCConfigurationList section */
		6A1497F222D4DE9600C8494F /* Build configuration list for PBXProject "MacMasterHelper" */ = {
			isa = XCConfigurationList;
			buildConfigurations = (
				6A14980522D4DE9700C8494F /* Debug */,
				6A14980622D4DE9700C8494F /* Release */,
			);
			defaultConfigurationIsVisible = 0;
			defaultConfigurationName = Release;
		};
		6A14980722D4DE9700C8494F /* Build configuration list for PBXNativeTarget "MacMasterHelper" */ = {
			isa = XCConfigurationList;
			buildConfigurations = (
				6A14980822D4DE9700C8494F /* Debug */,
				6A14980922D4DE9700C8494F /* Release */,
			);
			defaultConfigurationIsVisible = 0;
			defaultConfigurationName = Release;
		};
/* End XCConfigurationList section */
	};
	rootObject = 6A1497EF22D4DE9600C8494F /* Project object */;
}
